
Microsoft Visual Studio Solution File, Format Version 12.00
# Visual Studio Version 17
VisualStudioVersion = 17.9.34622.214
MinimumVisualStudioVersion = 10.0.40219.1
Project("{FAE04EC0-301F-11D3-BF4B-00C04F79EFBC}") = "NetworkProgramming", "NetworkProgramming\NetworkProgramming.csproj", "{593957E2-E51B-4656-8E44-F55665417CBF}"
EndProject
Global
	GlobalSection(SolutionConfigurationPlatforms) = preSolution
		Debug|Any CPU = Debug|Any CPU
		Release|Any CPU = Release|Any CPU
	EndGlobalSection
	GlobalSection(ProjectConfigurationPlatforms) = postSolution
		{593957E2-E51B-4656-8E44-F55665417CBF}.Debug|Any CPU.ActiveCfg = Debug|Any CPU
		{593957E2-E51B-4656-8E44-F55665417CBF}.Debug|Any CPU.Build.0 = Debug|Any CPU
		{593957E2-E51B-4656-8E44-F55665417CBF}.Release|Any CPU.ActiveCfg = Release|Any CPU
		{593957E2-E51B-4656-8E44-F55665417CBF}.Release|Any CPU.Build.0 = Release|Any CPU
	EndGlobalSection
	GlobalSection(SolutionProperties) = preSolution
		HideSolutionNode = FALSE
	EndGlobalSection
	GlobalSection(ExtensibilityGlobals) = postSolution
		SolutionGuid = {F15D2215-602F-479A-8B5B-E33ABF24C85B}
	EndGlobalSection
EndGlobal
